
Microsoft Visual Studio Solution File, Format Version 12.00
# Visual Studio Version 17
VisualStudioVersion = 17.6.33712.159
MinimumVisualStudioVersion = 10.0.40219.1
Project("{FAE04EC0-301F-11D3-BF4B-00C04F79EFBC}") = "ExpanseTracker", "ExpanseTracker\ExpanseTracker.csproj", "{170CFB5E-FDC4-491F-A29D-7C098DC14BAB}"
EndProject
Global
	GlobalSection(SolutionConfigurationPlatforms) = preSolution
		Debug|Any CPU = Debug|Any CPU
		Release|Any CPU = Release|Any CPU
	EndGlobalSection
	GlobalSection(ProjectConfigurationPlatforms) = postSolution
		{170CFB5E-FDC4-491F-A29D-7C098DC14BAB}.Debug|Any CPU.ActiveCfg = Debug|Any CPU
		{170CFB5E-FDC4-491F-A29D-7C098DC14BAB}.Debug|Any CPU.Build.0 = Debug|Any CPU
		{170CFB5E-FDC4-491F-A29D-7C098DC14BAB}.Release|Any CPU.ActiveCfg = Release|Any CPU
		{170CFB5E-FDC4-491F-A29D-7C098DC14BAB}.Release|Any CPU.Build.0 = Release|Any CPU
	EndGlobalSection
	GlobalSection(SolutionProperties) = preSolution
		HideSolutionNode = FALSE
	EndGlobalSection
	GlobalSection(ExtensibilityGlobals) = postSolution
		SolutionGuid = {060671B5-E0BC-46B4-80D9-D2E656E79BED}
	EndGlobalSection
EndGlobal
